
Microsoft Visual Studio Solution File, Format Version 12.00
# Visual Studio Version 17
VisualStudioVersion = 17.5.33424.131
MinimumVisualStudioVersion = 10.0.40219.1
Project("{FAE04EC0-301F-11D3-BF4B-00C04F79EFBC}") = "MinhasTarefas.API", "MinhasTarefas.API\MinhasTarefas.API.csproj", "{F2F76C16-2AD7-4369-89E7-FF0B7E7D327E}"
EndProject
Global
	GlobalSection(SolutionConfigurationPlatforms) = preSolution
		Debug|Any CPU = Debug|Any CPU
		Release|Any CPU = Release|Any CPU
	EndGlobalSection
	GlobalSection(ProjectConfigurationPlatforms) = postSolution
		{F2F76C16-2AD7-4369-89E7-FF0B7E7D327E}.Debug|Any CPU.ActiveCfg = Debug|Any CPU
		{F2F76C16-2AD7-4369-89E7-FF0B7E7D327E}.Debug|Any CPU.Build.0 = Debug|Any CPU
		{F2F76C16-2AD7-4369-89E7-FF0B7E7D327E}.Release|Any CPU.ActiveCfg = Release|Any CPU
		{F2F76C16-2AD7-4369-89E7-FF0B7E7D327E}.Release|Any CPU.Build.0 = Release|Any CPU
	EndGlobalSection
	GlobalSection(SolutionProperties) = preSolution
		HideSolutionNode = FALSE
	EndGlobalSection
	GlobalSection(ExtensibilityGlobals) = postSolution
		SolutionGuid = {F3B06BEA-FE11-46BD-BD48-734B5BD9CB19}
	EndGlobalSection
EndGlobal
